// !$*UTF8*$!
{
       archiveVersion = 1;
       classes = {
       };
       objectVersion = 46;
       objects = {

/* Begin PBXAggregateTarget section */
              A39EB1A4301C4EA0B06464D3 /* ALL_BUILD */ = {
                     isa = PBXAggregateTarget;
                     buildConfigurationList = 4B4CA592FDDF496A939117EB /* Build configuration list for PBXAggregateTarget "ALL_BUILD" */;
                     buildPhases = (
                            D870E96FD9324CF7BC23DFC1 /* CMake Rules */,
                     );
                     dependencies = (
                            CFA39BC840E24F04B574B2AD /* PBXTargetDependency */,
                            042AB0E19B0F466CAB0AC5DB /* PBXTargetDependency */,
                     );
                     name = ALL_BUILD;
                     productName = ALL_BUILD;
              };
              0EF134C1665841348780C841 /* ZERO_CHECK */ = {
                     isa = PBXAggregateTarget;
                     buildConfigurationList = DAA622381DD64246B045A117 /* Build configuration list for PBXAggregateTarget "ZERO_CHECK" */;
                     buildPhases = (
                            6E46CB69FF53484EB4C4C8D3 /* CMake Rules */,
                     );
                     dependencies = (
                     );
                     name = ZERO_CHECK;
                     productName = ZERO_CHECK;
              };
/* End PBXAggregateTarget section */

/* Begin PBXBuildFile section */
1346E472FA4F4302B493AC0C /* /Users/januaditya/Workspace/_git/up/vehicle-state-estimator/App.cpp */ = {isa = PBXBuildFile; fileRef = 30904ECBEAF749168041095C /* /Users/januaditya/Workspace/_git/up/vehicle-state-estimator/App.cpp */; settings = { COMPILER_FLAGS = ""; }; };
7AEFD4F814624AB59F9636E0 /* /Users/januaditya/Workspace/_git/up/vehicle-state-estimator/CMakeLists.txt */ = {isa = PBXBuildFile; fileRef = 4407D81A8FFC40038972D6E8 /* /Users/januaditya/Workspace/_git/up/vehicle-state-estimator/CMakeLists.txt */; settings = { COMPILER_FLAGS = ""; }; };
AD9C27A51942489EA098A088 /* /Users/januaditya/Workspace/_git/up/vehicle-state-estimator/Common.h */ = {isa = PBXBuildFile; fileRef = B5B952DF20B4443F96DFB87E /* /Users/januaditya/Workspace/_git/up/vehicle-state-estimator/Common.h */; settings = { COMPILER_FLAGS = ""; }; };
BE8C7DAD415B4192960962F3 /* /Users/januaditya/Workspace/_git/up/vehicle-state-estimator/Gaussian.cpp */ = {isa = PBXBuildFile; fileRef = 88AB08202E1741C6992598BA /* /Users/januaditya/Workspace/_git/up/vehicle-state-estimator/Gaussian.cpp */; settings = { COMPILER_FLAGS = ""; }; };
D5847E3A37544879AFA5628C /* /Users/januaditya/Workspace/_git/up/vehicle-state-estimator/Gaussian.h */ = {isa = PBXBuildFile; fileRef = 84CF8CD1839D4D2BB568193B /* /Users/januaditya/Workspace/_git/up/vehicle-state-estimator/Gaussian.h */; settings = { COMPILER_FLAGS = ""; }; };
A6A3FF8C6CB84E21B151C24D /* /Users/januaditya/Workspace/_git/up/vehicle-state-estimator/Model.cpp */ = {isa = PBXBuildFile; fileRef = A785342C99E34206BA6BD51C /* /Users/januaditya/Workspace/_git/up/vehicle-state-estimator/Model.cpp */; settings = { COMPILER_FLAGS = ""; }; };
EDF45595D5DC4861BDC904E4 /* /Users/januaditya/Workspace/_git/up/vehicle-state-estimator/Model.h */ = {isa = PBXBuildFile; fileRef = AAD62A3810D94C05AEBD16E7 /* /Users/januaditya/Workspace/_git/up/vehicle-state-estimator/Model.h */; settings = { COMPILER_FLAGS = ""; }; };
0B460B832EC7436BB1A315F5 /* /Users/januaditya/Workspace/_git/up/vehicle-state-estimator/Sensor.cpp */ = {isa = PBXBuildFile; fileRef = 3C486C84722445F59025D9FA /* /Users/januaditya/Workspace/_git/up/vehicle-state-estimator/Sensor.cpp */; settings = { COMPILER_FLAGS = ""; }; };
77DDAD5071FC43DCBBB35CFF /* /Users/januaditya/Workspace/_git/up/vehicle-state-estimator/Sensor.h */ = {isa = PBXBuildFile; fileRef = 1C845079121E422E9C370739 /* /Users/januaditya/Workspace/_git/up/vehicle-state-estimator/Sensor.h */; settings = { COMPILER_FLAGS = ""; }; };
C6CEE64FED804118973E8EEC /* /Users/januaditya/Workspace/_git/up/vehicle-state-estimator/Vehicle.h */ = {isa = PBXBuildFile; fileRef = DBA285820BF24F03AAC06B09 /* /Users/januaditya/Workspace/_git/up/vehicle-state-estimator/Vehicle.h */; settings = { COMPILER_FLAGS = ""; }; };
/* End PBXBuildFile section */

/* Begin PBXBuildStyle section */
              30AB7A5191EA4D91966BEBC3 /*  */ = {
                     isa = PBXBuildStyle;
              };
              5256DC1485344F4E9F220C2C /* Debug */ = {
                     isa = PBXBuildStyle;
                     buildSettings = {
                            COPY_PHASE_STRIP = NO;
                     };
                     name = Debug;
              };
              DCEDD84CE1224C8093E28D8D /* Release */ = {
                     isa = PBXBuildStyle;
                     buildSettings = {
                            COPY_PHASE_STRIP = NO;
                     };
                     name = Release;
              };
              AC2699E065FB4E05B82FF34B /* MinSizeRel */ = {
                     isa = PBXBuildStyle;
                     buildSettings = {
                            COPY_PHASE_STRIP = NO;
                     };
                     name = MinSizeRel;
              };
              21E08BFECB3A4913AEDF0D06 /* RelWithDebInfo */ = {
                     isa = PBXBuildStyle;
                     buildSettings = {
                            COPY_PHASE_STRIP = NO;
                     };
                     name = RelWithDebInfo;
              };
/* End PBXBuildStyle section */

/* Begin PBXContainerItemProxy section */
              230B1E9882EA4D88BC1BEA24 /* PBXContainerItemProxy */ = {
                     isa = PBXContainerItemProxy;
                     containerPortal = F7F61615B3E14F989426495D /* Project object */;
                     proxyType = 1;
                     remoteGlobalIDString = 3B9283F0B6464381852751A9;
                     remoteInfo = "vehicle-state-estimator";
              };
              9AF897F840F04BBD801D534B /* PBXContainerItemProxy */ = {
                     isa = PBXContainerItemProxy;
                     containerPortal = F7F61615B3E14F989426495D /* Project object */;
                     proxyType = 1;
                     remoteGlobalIDString = 0EF134C1665841348780C841;
                     remoteInfo = ZERO_CHECK;
              };
              4E3C1C6C874543F599F007E3 /* PBXContainerItemProxy */ = {
                     isa = PBXContainerItemProxy;
                     containerPortal = F7F61615B3E14F989426495D /* Project object */;
                     proxyType = 1;
                     remoteGlobalIDString = 0EF134C1665841348780C841;
                     remoteInfo = ZERO_CHECK;
              };
/* End PBXContainerItemProxy section */

/* Begin PBXFileReference section */
37D0AB9794084FA998956DE3 /* /Users/januaditya/Workspace/_git/up/vehicle-state-estimator/CMakeLists.txt */ = {isa = PBXFileReference; explicitFileType = "sourcecode.text"; fileEncoding = 4; name = "CMakeLists.txt"; path = "CMakeLists.txt"; sourceTree = SOURCE_ROOT; };
6A65D96F5016445F8161D4A3 /* /Users/januaditya/Workspace/_git/up/vehicle-state-estimator/CMakeLists.txt */ = {isa = PBXFileReference; explicitFileType = "sourcecode.text"; fileEncoding = 4; name = "CMakeLists.txt"; path = "CMakeLists.txt"; sourceTree = SOURCE_ROOT; };
30904ECBEAF749168041095C /* /Users/januaditya/Workspace/_git/up/vehicle-state-estimator/App.cpp */ = {isa = PBXFileReference; explicitFileType = "sourcecode.cpp.cpp"; fileEncoding = 4; name = "App.cpp"; path = "App.cpp"; sourceTree = SOURCE_ROOT; };
4407D81A8FFC40038972D6E8 /* /Users/januaditya/Workspace/_git/up/vehicle-state-estimator/CMakeLists.txt */ = {isa = PBXFileReference; explicitFileType = "sourcecode.text"; fileEncoding = 4; name = "CMakeLists.txt"; path = "CMakeLists.txt"; sourceTree = SOURCE_ROOT; };
B5B952DF20B4443F96DFB87E /* /Users/januaditya/Workspace/_git/up/vehicle-state-estimator/Common.h */ = {isa = PBXFileReference; explicitFileType = "sourcecode.c.h"; fileEncoding = 4; name = "Common.h"; path = "Common.h"; sourceTree = SOURCE_ROOT; };
88AB08202E1741C6992598BA /* /Users/januaditya/Workspace/_git/up/vehicle-state-estimator/Gaussian.cpp */ = {isa = PBXFileReference; explicitFileType = "sourcecode.cpp.cpp"; fileEncoding = 4; name = "Gaussian.cpp"; path = "Gaussian.cpp"; sourceTree = SOURCE_ROOT; };
84CF8CD1839D4D2BB568193B /* /Users/januaditya/Workspace/_git/up/vehicle-state-estimator/Gaussian.h */ = {isa = PBXFileReference; explicitFileType = "sourcecode.c.h"; fileEncoding = 4; name = "Gaussian.h"; path = "Gaussian.h"; sourceTree = SOURCE_ROOT; };
A785342C99E34206BA6BD51C /* /Users/januaditya/Workspace/_git/up/vehicle-state-estimator/Model.cpp */ = {isa = PBXFileReference; explicitFileType = "sourcecode.cpp.cpp"; fileEncoding = 4; name = "Model.cpp"; path = "Model.cpp"; sourceTree = SOURCE_ROOT; };
AAD62A3810D94C05AEBD16E7 /* /Users/januaditya/Workspace/_git/up/vehicle-state-estimator/Model.h */ = {isa = PBXFileReference; explicitFileType = "sourcecode.c.h"; fileEncoding = 4; name = "Model.h"; path = "Model.h"; sourceTree = SOURCE_ROOT; };
3C486C84722445F59025D9FA /* /Users/januaditya/Workspace/_git/up/vehicle-state-estimator/Sensor.cpp */ = {isa = PBXFileReference; explicitFileType = "sourcecode.cpp.cpp"; fileEncoding = 4; name = "Sensor.cpp"; path = "Sensor.cpp"; sourceTree = SOURCE_ROOT; };
1C845079121E422E9C370739 /* /Users/januaditya/Workspace/_git/up/vehicle-state-estimator/Sensor.h */ = {isa = PBXFileReference; explicitFileType = "sourcecode.c.h"; fileEncoding = 4; name = "Sensor.h"; path = "Sensor.h"; sourceTree = SOURCE_ROOT; };
DBA285820BF24F03AAC06B09 /* /Users/januaditya/Workspace/_git/up/vehicle-state-estimator/Vehicle.h */ = {isa = PBXFileReference; explicitFileType = "sourcecode.c.h"; fileEncoding = 4; name = "Vehicle.h"; path = "Vehicle.h"; sourceTree = SOURCE_ROOT; };
6E868A36BD0F48FF81DB75F0 /* vehicle-state-estimator */ = {isa = PBXFileReference; explicitFileType = "compiled.mach-o.executable"; path = "vehicle-state-estimator"; refType = 0; sourceTree = BUILT_PRODUCTS_DIR; };
/* End PBXFileReference section */

/* Begin PBXGroup section */
              B6EC5B56F2CA4D74932C0B6D  = {
                     isa = PBXGroup;
                     children = (
                            62717FFD6C0B4EC4BAC95005 /* Sources */,
                            869CA09F66DA4B538ED327F6 /* Resources */,
                            9A61521061BC4A939AAB1E11 /* Products */,
                     );
                     sourceTree = "<group>";
              };
              62717FFD6C0B4EC4BAC95005 /* Sources */ = {
                     isa = PBXGroup;
                     children = (
                            4C301CF3CD904DB7BE3C8A09 /* ALL_BUILD */,
                            6C971810E6BE43B3A8153353 /* ZERO_CHECK */,
                            C2A088759ED04B75A63BF9E5 /* vehicle-state-estimator */,
                     );
                     name = Sources;
                     sourceTree = "<group>";
              };
              869CA09F66DA4B538ED327F6 /* Resources */ = {
                     isa = PBXGroup;
                     children = (
                     );
                     name = Resources;
                     sourceTree = "<group>";
              };
              4C301CF3CD904DB7BE3C8A09 /* ALL_BUILD */ = {
                     isa = PBXGroup;
                     children = (
                            5C187F4DC7F540F2BAA6DC0B /* CMake Rules */,
                            37D0AB9794084FA998956DE3 /* /Users/januaditya/Workspace/_git/up/vehicle-state-estimator/CMakeLists.txt */,
                     );
                     name = ALL_BUILD;
                     sourceTree = "<group>";
              };
              5C187F4DC7F540F2BAA6DC0B /* CMake Rules */ = {
                     isa = PBXGroup;
                     children = (
                     );
                     name = "CMake Rules";
                     sourceTree = "<group>";
              };
              6C971810E6BE43B3A8153353 /* ZERO_CHECK */ = {
                     isa = PBXGroup;
                     children = (
                            ECA248873D5845BD8B69C0CB /* CMake Rules */,
                            6A65D96F5016445F8161D4A3 /* /Users/januaditya/Workspace/_git/up/vehicle-state-estimator/CMakeLists.txt */,
                     );
                     name = ZERO_CHECK;
                     sourceTree = "<group>";
              };
              ECA248873D5845BD8B69C0CB /* CMake Rules */ = {
                     isa = PBXGroup;
                     children = (
                     );
                     name = "CMake Rules";
                     sourceTree = "<group>";
              };
              C2A088759ED04B75A63BF9E5 /* vehicle-state-estimator */ = {
                     isa = PBXGroup;
                     children = (
                            0F675DEB9AC74B6E85FDB594 /* Header Files */,
                            E9D73C3CDCA44B4F9FD01587 /* Source Files */,
                            4407D81A8FFC40038972D6E8 /* /Users/januaditya/Workspace/_git/up/vehicle-state-estimator/CMakeLists.txt */,
                     );
                     name = "vehicle-state-estimator";
                     sourceTree = "<group>";
              };
              0F675DEB9AC74B6E85FDB594 /* Header Files */ = {
                     isa = PBXGroup;
                     children = (
                            B5B952DF20B4443F96DFB87E /* /Users/januaditya/Workspace/_git/up/vehicle-state-estimator/Common.h */,
                            84CF8CD1839D4D2BB568193B /* /Users/januaditya/Workspace/_git/up/vehicle-state-estimator/Gaussian.h */,
                            AAD62A3810D94C05AEBD16E7 /* /Users/januaditya/Workspace/_git/up/vehicle-state-estimator/Model.h */,
                            1C845079121E422E9C370739 /* /Users/januaditya/Workspace/_git/up/vehicle-state-estimator/Sensor.h */,
                            DBA285820BF24F03AAC06B09 /* /Users/januaditya/Workspace/_git/up/vehicle-state-estimator/Vehicle.h */,
                     );
                     name = "Header Files";
                     sourceTree = "<group>";
              };
              E9D73C3CDCA44B4F9FD01587 /* Source Files */ = {
                     isa = PBXGroup;
                     children = (
                            30904ECBEAF749168041095C /* /Users/januaditya/Workspace/_git/up/vehicle-state-estimator/App.cpp */,
                            88AB08202E1741C6992598BA /* /Users/januaditya/Workspace/_git/up/vehicle-state-estimator/Gaussian.cpp */,
                            A785342C99E34206BA6BD51C /* /Users/januaditya/Workspace/_git/up/vehicle-state-estimator/Model.cpp */,
                            3C486C84722445F59025D9FA /* /Users/januaditya/Workspace/_git/up/vehicle-state-estimator/Sensor.cpp */,
                     );
                     name = "Source Files";
                     sourceTree = "<group>";
              };
              9A61521061BC4A939AAB1E11 /* Products */ = {
                     isa = PBXGroup;
                     children = (
                            6E868A36BD0F48FF81DB75F0 /* vehicle-state-estimator */,
                     );
                     name = Products;
                     sourceTree = "<group>";
              };
/* End PBXGroup section */

/* Begin PBXNativeTarget section */
              3B9283F0B6464381852751A9 /* vehicle-state-estimator */ = {
                     isa = PBXNativeTarget;
                     buildConfigurationList = 908CC656083A4008B0707615 /* Build configuration list for PBXNativeTarget "vehicle-state-estimator" */;
                     buildPhases = (
                            E0505283DCAD4F2B9EC647F5 /* Sources */,
                     );
                     buildRules = (
                     );
                     dependencies = (
                            23DE7C09E0D44DB98DD0620A /* PBXTargetDependency */,
                     );
                     name = "vehicle-state-estimator";
                     productName = "vehicle-state-estimator";
                     productReference = 6E868A36BD0F48FF81DB75F0 /* vehicle-state-estimator */;
                     productType = "com.apple.product-type.tool";
              };
/* End PBXNativeTarget section */

/* Begin PBXProject section */
              F7F61615B3E14F989426495D /* Project object */ = {
                     isa = PBXProject;
                     attributes = {
                            BuildIndependentTargetsInParallel = YES;
                     };
                     buildConfigurationList = FE4486E58EF1415BB2248420 /* Build configuration list for PBXProject  "vehicle-state-estimator" */;
                     buildSettings = {
                     };
                     buildStyles = (
                            5256DC1485344F4E9F220C2C /* Debug */,
                            DCEDD84CE1224C8093E28D8D /* Release */,
                            AC2699E065FB4E05B82FF34B /* MinSizeRel */,
                            21E08BFECB3A4913AEDF0D06 /* RelWithDebInfo */,
                     );
                     compatibilityVersion = "Xcode 3.2";
                     hasScannedForEncodings = 0;
                     mainGroup = B6EC5B56F2CA4D74932C0B6D;
                     projectDirPath = ".";
                     projectRoot = "";
                     targets = (
                            A39EB1A4301C4EA0B06464D3 /* ALL_BUILD */,
                            0EF134C1665841348780C841 /* ZERO_CHECK */,
                            3B9283F0B6464381852751A9 /* vehicle-state-estimator */,
                     );
              };
/* End PBXProject section */

/* Begin PBXShellScriptBuildPhase section */
              25889CC5A6CC45B6B156FE86 /*  */ = {
                     isa = PBXShellScriptBuildPhase;
                     buildActionMask = 2147483647;
                     files = (
                     );
                     inputPaths = (
                     );
                     outputPaths = (
                     );
                     runOnlyForDeploymentPostprocessing = 0;
                     shellPath = /bin/sh;
                     shellScript = "# shell script goes here
exit 0";
                     showEnvVarsInLog = 0;
              };
              D870E96FD9324CF7BC23DFC1 /* CMake Rules */ = {
                     isa = PBXShellScriptBuildPhase;
                     buildActionMask = 2147483647;
                     files = (
                     );
                     name = "CMake Rules";
                     runOnlyForDeploymentPostprocessing = 0;
                     shellPath = /bin/sh;
                     shellScript = "make -C /Users/januaditya/Workspace/_git/up/vehicle-state-estimator -f /Users/januaditya/Workspace/_git/up/vehicle-state-estimator/CMakeScripts/ALL_BUILD_cmakeRulesBuildPhase.make$CONFIGURATION all";
                     showEnvVarsInLog = 0;
              };
              C20EDC1A218B476A899C39F9 /*  */ = {
                     isa = PBXShellScriptBuildPhase;
                     buildActionMask = 2147483647;
                     files = (
                     );
                     inputPaths = (
                     );
                     outputPaths = (
                     );
                     runOnlyForDeploymentPostprocessing = 0;
                     shellPath = /bin/sh;
                     shellScript = "# shell script goes here
exit 0";
                     showEnvVarsInLog = 0;
              };
              6E46CB69FF53484EB4C4C8D3 /* CMake Rules */ = {
                     isa = PBXShellScriptBuildPhase;
                     buildActionMask = 2147483647;
                     files = (
                     );
                     name = "CMake Rules";
                     runOnlyForDeploymentPostprocessing = 0;
                     shellPath = /bin/sh;
                     shellScript = "make -C /Users/januaditya/Workspace/_git/up/vehicle-state-estimator -f /Users/januaditya/Workspace/_git/up/vehicle-state-estimator/CMakeScripts/ZERO_CHECK_cmakeRulesBuildPhase.make$CONFIGURATION all";
                     showEnvVarsInLog = 0;
              };
/* End PBXShellScriptBuildPhase section */

/* Begin PBXSourcesBuildPhase section */
              E0505283DCAD4F2B9EC647F5 /* Sources */ = {
                     isa = PBXSourcesBuildPhase;
                     buildActionMask = 2147483647;
                     files = (
                            1346E472FA4F4302B493AC0C /* /Users/januaditya/Workspace/_git/up/vehicle-state-estimator/App.cpp */,
                            BE8C7DAD415B4192960962F3 /* /Users/januaditya/Workspace/_git/up/vehicle-state-estimator/Gaussian.cpp */,
                            A6A3FF8C6CB84E21B151C24D /* /Users/januaditya/Workspace/_git/up/vehicle-state-estimator/Model.cpp */,
                            0B460B832EC7436BB1A315F5 /* /Users/januaditya/Workspace/_git/up/vehicle-state-estimator/Sensor.cpp */,
                     );
                     runOnlyForDeploymentPostprocessing = 0;
              };
/* End PBXSourcesBuildPhase section */

/* Begin PBXTargetDependency section */
              CFA39BC840E24F04B574B2AD /* PBXTargetDependency */ = {
                     isa = PBXTargetDependency;
                     target = 3B9283F0B6464381852751A9 /* vehicle-state-estimator */;
                     targetProxy = 230B1E9882EA4D88BC1BEA24 /* PBXContainerItemProxy */;
              };
              042AB0E19B0F466CAB0AC5DB /* PBXTargetDependency */ = {
                     isa = PBXTargetDependency;
                     target = 0EF134C1665841348780C841 /* ZERO_CHECK */;
                     targetProxy = 9AF897F840F04BBD801D534B /* PBXContainerItemProxy */;
              };
              23DE7C09E0D44DB98DD0620A /* PBXTargetDependency */ = {
                     isa = PBXTargetDependency;
                     target = 0EF134C1665841348780C841 /* ZERO_CHECK */;
                     targetProxy = 4E3C1C6C874543F599F007E3 /* PBXContainerItemProxy */;
              };
/* End PBXTargetDependency section */

/* Begin XCBuildConfiguration section */
              7473232F0EBC432795FF715A /* Debug */ = {
                     isa = XCBuildConfiguration;
                     buildSettings = {
                            ARCHS = "$(ARCHS_STANDARD_32_64_BIT)";
                            ONLY_ACTIVE_ARCH = YES;
                            SDKROOT = "/Applications/Xcode.app/Contents/Developer/Platforms/MacOSX.platform/Developer/SDKs/MacOSX10.11.sdk";
                            SYMROOT = "/Users/januaditya/Workspace/_git/up/vehicle-state-estimator/build";
                     };
                     name = Debug;
              };
              A4B39D23FB6E4C00873B7B21 /* Release */ = {
                     isa = XCBuildConfiguration;
                     buildSettings = {
                            ARCHS = "$(ARCHS_STANDARD_32_64_BIT)";
                            ONLY_ACTIVE_ARCH = YES;
                            SDKROOT = "/Applications/Xcode.app/Contents/Developer/Platforms/MacOSX.platform/Developer/SDKs/MacOSX10.11.sdk";
                            SYMROOT = "/Users/januaditya/Workspace/_git/up/vehicle-state-estimator/build";
                     };
                     name = Release;
              };
              11DC000455C84797B40E80AD /* MinSizeRel */ = {
                     isa = XCBuildConfiguration;
                     buildSettings = {
                            ARCHS = "$(ARCHS_STANDARD_32_64_BIT)";
                            ONLY_ACTIVE_ARCH = YES;
                            SDKROOT = "/Applications/Xcode.app/Contents/Developer/Platforms/MacOSX.platform/Developer/SDKs/MacOSX10.11.sdk";
                            SYMROOT = "/Users/januaditya/Workspace/_git/up/vehicle-state-estimator/build";
                     };
                     name = MinSizeRel;
              };
              8B40DEB95B5644BDA361868B /* RelWithDebInfo */ = {
                     isa = XCBuildConfiguration;
                     buildSettings = {
                            ARCHS = "$(ARCHS_STANDARD_32_64_BIT)";
                            ONLY_ACTIVE_ARCH = YES;
                            SDKROOT = "/Applications/Xcode.app/Contents/Developer/Platforms/MacOSX.platform/Developer/SDKs/MacOSX10.11.sdk";
                            SYMROOT = "/Users/januaditya/Workspace/_git/up/vehicle-state-estimator/build";
                     };
                     name = RelWithDebInfo;
              };
              6A611D22AAB54A1CB6A9C881 /* Debug */ = {
                     isa = XCBuildConfiguration;
                     buildSettings = {
                            COMBINE_HIDPI_IMAGES = YES;
                            GCC_GENERATE_DEBUGGING_SYMBOLS = NO;
                            GCC_INLINES_ARE_PRIVATE_EXTERN = NO;
                            GCC_OPTIMIZATION_LEVEL = 0;
                            GCC_PREPROCESSOR_DEFINITIONS = ("'CMAKE_INTDIR=\"$(CONFIGURATION)$(EFFECTIVE_PLATFORM_NAME)\"'", );
                            GCC_SYMBOLS_PRIVATE_EXTERN = NO;
                            INSTALL_PATH = "";
                            OTHER_CFLAGS = "  ";
                            OTHER_LDFLAGS = " ";
                            OTHER_REZFLAGS = "";
                            PRODUCT_NAME = ALL_BUILD;
                            SECTORDER_FLAGS = "";
                            SYMROOT = "/Users/januaditya/Workspace/_git/up/vehicle-state-estimator";
                            USE_HEADERMAP = NO;
                            WARNING_CFLAGS = ("-Wmost", "-Wno-four-char-constants", "-Wno-unknown-pragmas", );
                     };
                     name = Debug;
              };
              C43EFCF324154674A57888CD /* Release */ = {
                     isa = XCBuildConfiguration;
                     buildSettings = {
                            COMBINE_HIDPI_IMAGES = YES;
                            GCC_GENERATE_DEBUGGING_SYMBOLS = NO;
                            GCC_INLINES_ARE_PRIVATE_EXTERN = NO;
                            GCC_OPTIMIZATION_LEVEL = 0;
                            GCC_PREPROCESSOR_DEFINITIONS = ("'CMAKE_INTDIR=\"$(CONFIGURATION)$(EFFECTIVE_PLATFORM_NAME)\"'", );
                            GCC_SYMBOLS_PRIVATE_EXTERN = NO;
                            INSTALL_PATH = "";
                            OTHER_CFLAGS = "  ";
                            OTHER_LDFLAGS = " ";
                            OTHER_REZFLAGS = "";
                            PRODUCT_NAME = ALL_BUILD;
                            SECTORDER_FLAGS = "";
                            SYMROOT = "/Users/januaditya/Workspace/_git/up/vehicle-state-estimator";
                            USE_HEADERMAP = NO;
                            WARNING_CFLAGS = ("-Wmost", "-Wno-four-char-constants", "-Wno-unknown-pragmas", );
                     };
                     name = Release;
              };
              1131C15C86AD4D2AABF43C39 /* MinSizeRel */ = {
                     isa = XCBuildConfiguration;
                     buildSettings = {
                            COMBINE_HIDPI_IMAGES = YES;
                            GCC_GENERATE_DEBUGGING_SYMBOLS = NO;
                            GCC_INLINES_ARE_PRIVATE_EXTERN = NO;
                            GCC_OPTIMIZATION_LEVEL = 0;
                            GCC_PREPROCESSOR_DEFINITIONS = ("'CMAKE_INTDIR=\"$(CONFIGURATION)$(EFFECTIVE_PLATFORM_NAME)\"'", );
                            GCC_SYMBOLS_PRIVATE_EXTERN = NO;
                            INSTALL_PATH = "";
                            OTHER_CFLAGS = "  ";
                            OTHER_LDFLAGS = " ";
                            OTHER_REZFLAGS = "";
                            PRODUCT_NAME = ALL_BUILD;
                            SECTORDER_FLAGS = "";
                            SYMROOT = "/Users/januaditya/Workspace/_git/up/vehicle-state-estimator";
                            USE_HEADERMAP = NO;
                            WARNING_CFLAGS = ("-Wmost", "-Wno-four-char-constants", "-Wno-unknown-pragmas", );
                     };
                     name = MinSizeRel;
              };
              2EEEC982CF734D428A4B1298 /* RelWithDebInfo */ = {
                     isa = XCBuildConfiguration;
                     buildSettings = {
                            COMBINE_HIDPI_IMAGES = YES;
                            GCC_GENERATE_DEBUGGING_SYMBOLS = NO;
                            GCC_INLINES_ARE_PRIVATE_EXTERN = NO;
                            GCC_OPTIMIZATION_LEVEL = 0;
                            GCC_PREPROCESSOR_DEFINITIONS = ("'CMAKE_INTDIR=\"$(CONFIGURATION)$(EFFECTIVE_PLATFORM_NAME)\"'", );
                            GCC_SYMBOLS_PRIVATE_EXTERN = NO;
                            INSTALL_PATH = "";
                            OTHER_CFLAGS = "  ";
                            OTHER_LDFLAGS = " ";
                            OTHER_REZFLAGS = "";
                            PRODUCT_NAME = ALL_BUILD;
                            SECTORDER_FLAGS = "";
                            SYMROOT = "/Users/januaditya/Workspace/_git/up/vehicle-state-estimator";
                            USE_HEADERMAP = NO;
                            WARNING_CFLAGS = ("-Wmost", "-Wno-four-char-constants", "-Wno-unknown-pragmas", );
                     };
                     name = RelWithDebInfo;
              };
              CA27C56228F74008901879B1 /* Debug */ = {
                     isa = XCBuildConfiguration;
                     buildSettings = {
                            COMBINE_HIDPI_IMAGES = YES;
                            GCC_GENERATE_DEBUGGING_SYMBOLS = NO;
                            GCC_INLINES_ARE_PRIVATE_EXTERN = NO;
                            GCC_OPTIMIZATION_LEVEL = 0;
                            GCC_PREPROCESSOR_DEFINITIONS = ("'CMAKE_INTDIR=\"$(CONFIGURATION)$(EFFECTIVE_PLATFORM_NAME)\"'", );
                            GCC_SYMBOLS_PRIVATE_EXTERN = NO;
                            INSTALL_PATH = "";
                            OTHER_CFLAGS = "  ";
                            OTHER_LDFLAGS = " ";
                            OTHER_REZFLAGS = "";
                            PRODUCT_NAME = ZERO_CHECK;
                            SECTORDER_FLAGS = "";
                            SYMROOT = "/Users/januaditya/Workspace/_git/up/vehicle-state-estimator";
                            USE_HEADERMAP = NO;
                            WARNING_CFLAGS = ("-Wmost", "-Wno-four-char-constants", "-Wno-unknown-pragmas", );
                     };
                     name = Debug;
              };
              DD7C7A4A66C648B4A376F476 /* Release */ = {
                     isa = XCBuildConfiguration;
                     buildSettings = {
                            COMBINE_HIDPI_IMAGES = YES;
                            GCC_GENERATE_DEBUGGING_SYMBOLS = NO;
                            GCC_INLINES_ARE_PRIVATE_EXTERN = NO;
                            GCC_OPTIMIZATION_LEVEL = 0;
                            GCC_PREPROCESSOR_DEFINITIONS = ("'CMAKE_INTDIR=\"$(CONFIGURATION)$(EFFECTIVE_PLATFORM_NAME)\"'", );
                            GCC_SYMBOLS_PRIVATE_EXTERN = NO;
                            INSTALL_PATH = "";
                            OTHER_CFLAGS = "  ";
                            OTHER_LDFLAGS = " ";
                            OTHER_REZFLAGS = "";
                            PRODUCT_NAME = ZERO_CHECK;
                            SECTORDER_FLAGS = "";
                            SYMROOT = "/Users/januaditya/Workspace/_git/up/vehicle-state-estimator";
                            USE_HEADERMAP = NO;
                            WARNING_CFLAGS = ("-Wmost", "-Wno-four-char-constants", "-Wno-unknown-pragmas", );
                     };
                     name = Release;
              };
              C2D6158A58104CABA29043E1 /* MinSizeRel */ = {
                     isa = XCBuildConfiguration;
                     buildSettings = {
                            COMBINE_HIDPI_IMAGES = YES;
                            GCC_GENERATE_DEBUGGING_SYMBOLS = NO;
                            GCC_INLINES_ARE_PRIVATE_EXTERN = NO;
                            GCC_OPTIMIZATION_LEVEL = 0;
                            GCC_PREPROCESSOR_DEFINITIONS = ("'CMAKE_INTDIR=\"$(CONFIGURATION)$(EFFECTIVE_PLATFORM_NAME)\"'", );
                            GCC_SYMBOLS_PRIVATE_EXTERN = NO;
                            INSTALL_PATH = "";
                            OTHER_CFLAGS = "  ";
                            OTHER_LDFLAGS = " ";
                            OTHER_REZFLAGS = "";
                            PRODUCT_NAME = ZERO_CHECK;
                            SECTORDER_FLAGS = "";
                            SYMROOT = "/Users/januaditya/Workspace/_git/up/vehicle-state-estimator";
                            USE_HEADERMAP = NO;
                            WARNING_CFLAGS = ("-Wmost", "-Wno-four-char-constants", "-Wno-unknown-pragmas", );
                     };
                     name = MinSizeRel;
              };
              02B59B1461304F898CB78858 /* RelWithDebInfo */ = {
                     isa = XCBuildConfiguration;
                     buildSettings = {
                            COMBINE_HIDPI_IMAGES = YES;
                            GCC_GENERATE_DEBUGGING_SYMBOLS = NO;
                            GCC_INLINES_ARE_PRIVATE_EXTERN = NO;
                            GCC_OPTIMIZATION_LEVEL = 0;
                            GCC_PREPROCESSOR_DEFINITIONS = ("'CMAKE_INTDIR=\"$(CONFIGURATION)$(EFFECTIVE_PLATFORM_NAME)\"'", );
                            GCC_SYMBOLS_PRIVATE_EXTERN = NO;
                            INSTALL_PATH = "";
                            OTHER_CFLAGS = "  ";
                            OTHER_LDFLAGS = " ";
                            OTHER_REZFLAGS = "";
                            PRODUCT_NAME = ZERO_CHECK;
                            SECTORDER_FLAGS = "";
                            SYMROOT = "/Users/januaditya/Workspace/_git/up/vehicle-state-estimator";
                            USE_HEADERMAP = NO;
                            WARNING_CFLAGS = ("-Wmost", "-Wno-four-char-constants", "-Wno-unknown-pragmas", );
                     };
                     name = RelWithDebInfo;
              };
              FBDA72BFC04E4528B9E479DA /* Debug */ = {
                     isa = XCBuildConfiguration;
                     buildSettings = {
                            COMBINE_HIDPI_IMAGES = YES;
                            EXECUTABLE_PREFIX = "";
                            EXECUTABLE_SUFFIX = "";
                            GCC_GENERATE_DEBUGGING_SYMBOLS = YES;
                            GCC_INLINES_ARE_PRIVATE_EXTERN = NO;
                            GCC_OPTIMIZATION_LEVEL = 0;
                            GCC_PREPROCESSOR_DEFINITIONS = ("'CMAKE_INTDIR=\"$(CONFIGURATION)$(EFFECTIVE_PLATFORM_NAME)\"'", );
                            GCC_SYMBOLS_PRIVATE_EXTERN = NO;
                            INSTALL_PATH = "";
                            LIBRARY_SEARCH_PATHS = "";
                            OTHER_CFLAGS = "    ";
                            OTHER_CPLUSPLUSFLAGS = "    ";
                            OTHER_LDFLAGS = "  -Wl,-search_paths_first -Wl,-headerpad_max_install_names  ";
                            OTHER_REZFLAGS = "";
                            PRODUCT_NAME = "vehicle-state-estimator";
                            SECTORDER_FLAGS = "";
                            SYMROOT = "/Users/januaditya/Workspace/_git/up/vehicle-state-estimator";
                            USE_HEADERMAP = NO;
                            WARNING_CFLAGS = ("-Wmost", "-Wno-four-char-constants", "-Wno-unknown-pragmas", );
                     };
                     name = Debug;
              };
              065DAA59072D43FAB19DA345 /* Release */ = {
                     isa = XCBuildConfiguration;
                     buildSettings = {
                            COMBINE_HIDPI_IMAGES = YES;
                            EXECUTABLE_PREFIX = "";
                            EXECUTABLE_SUFFIX = "";
                            GCC_GENERATE_DEBUGGING_SYMBOLS = NO;
                            GCC_INLINES_ARE_PRIVATE_EXTERN = NO;
                            GCC_OPTIMIZATION_LEVEL = 3;
                            GCC_PREPROCESSOR_DEFINITIONS = ("'CMAKE_INTDIR=\"$(CONFIGURATION)$(EFFECTIVE_PLATFORM_NAME)\"'", );
                            GCC_SYMBOLS_PRIVATE_EXTERN = NO;
                            INSTALL_PATH = "";
                            LIBRARY_SEARCH_PATHS = "";
                            OTHER_CFLAGS = "    -DNDEBUG  ";
                            OTHER_CPLUSPLUSFLAGS = "    -DNDEBUG  ";
                            OTHER_LDFLAGS = "  -Wl,-search_paths_first -Wl,-headerpad_max_install_names  ";
                            OTHER_REZFLAGS = "";
                            PRODUCT_NAME = "vehicle-state-estimator";
                            SECTORDER_FLAGS = "";
                            SYMROOT = "/Users/januaditya/Workspace/_git/up/vehicle-state-estimator";
                            USE_HEADERMAP = NO;
                            WARNING_CFLAGS = ("-Wmost", "-Wno-four-char-constants", "-Wno-unknown-pragmas", );
                     };
                     name = Release;
              };
              684692EE7AC9468CA187D8AD /* MinSizeRel */ = {
                     isa = XCBuildConfiguration;
                     buildSettings = {
                            COMBINE_HIDPI_IMAGES = YES;
                            EXECUTABLE_PREFIX = "";
                            EXECUTABLE_SUFFIX = "";
                            GCC_GENERATE_DEBUGGING_SYMBOLS = NO;
                            GCC_INLINES_ARE_PRIVATE_EXTERN = NO;
                            GCC_OPTIMIZATION_LEVEL = s;
                            GCC_PREPROCESSOR_DEFINITIONS = ("'CMAKE_INTDIR=\"$(CONFIGURATION)$(EFFECTIVE_PLATFORM_NAME)\"'", );
                            GCC_SYMBOLS_PRIVATE_EXTERN = NO;
                            INSTALL_PATH = "";
                            LIBRARY_SEARCH_PATHS = "";
                            OTHER_CFLAGS = "    -DNDEBUG  ";
                            OTHER_CPLUSPLUSFLAGS = "    -DNDEBUG  ";
                            OTHER_LDFLAGS = "  -Wl,-search_paths_first -Wl,-headerpad_max_install_names  ";
                            OTHER_REZFLAGS = "";
                            PRODUCT_NAME = "vehicle-state-estimator";
                            SECTORDER_FLAGS = "";
                            SYMROOT = "/Users/januaditya/Workspace/_git/up/vehicle-state-estimator";
                            USE_HEADERMAP = NO;
                            WARNING_CFLAGS = ("-Wmost", "-Wno-four-char-constants", "-Wno-unknown-pragmas", );
                     };
                     name = MinSizeRel;
              };
              504E1428CCC44239A1A0F85E /* RelWithDebInfo */ = {
                     isa = XCBuildConfiguration;
                     buildSettings = {
                            COMBINE_HIDPI_IMAGES = YES;
                            EXECUTABLE_PREFIX = "";
                            EXECUTABLE_SUFFIX = "";
                            GCC_GENERATE_DEBUGGING_SYMBOLS = YES;
                            GCC_INLINES_ARE_PRIVATE_EXTERN = NO;
                            GCC_OPTIMIZATION_LEVEL = 2;
                            GCC_PREPROCESSOR_DEFINITIONS = ("'CMAKE_INTDIR=\"$(CONFIGURATION)$(EFFECTIVE_PLATFORM_NAME)\"'", );
                            GCC_SYMBOLS_PRIVATE_EXTERN = NO;
                            INSTALL_PATH = "";
                            LIBRARY_SEARCH_PATHS = "";
                            OTHER_CFLAGS = "       -DNDEBUG  ";
                            OTHER_CPLUSPLUSFLAGS = "       -DNDEBUG  ";
                            OTHER_LDFLAGS = "  -Wl,-search_paths_first -Wl,-headerpad_max_install_names  ";
                            OTHER_REZFLAGS = "";
                            PRODUCT_NAME = "vehicle-state-estimator";
                            SECTORDER_FLAGS = "";
                            SYMROOT = "/Users/januaditya/Workspace/_git/up/vehicle-state-estimator";
                            USE_HEADERMAP = NO;
                            WARNING_CFLAGS = ("-Wmost", "-Wno-four-char-constants", "-Wno-unknown-pragmas", );
                     };
                     name = RelWithDebInfo;
              };
/* End XCBuildConfiguration section */

/* Begin XCConfigurationList section */
              FE4486E58EF1415BB2248420 /* Build configuration list for PBXProject  "vehicle-state-estimator" */ = {
                     isa = XCConfigurationList;
                     buildConfigurations = (
                            7473232F0EBC432795FF715A /* Debug */,
                            A4B39D23FB6E4C00873B7B21 /* Release */,
                            11DC000455C84797B40E80AD /* MinSizeRel */,
                            8B40DEB95B5644BDA361868B /* RelWithDebInfo */,
                     );
                     defaultConfigurationIsVisible = 0;
                     defaultConfigurationName = Debug;
              };
              4B4CA592FDDF496A939117EB /* Build configuration list for PBXAggregateTarget "ALL_BUILD" */ = {
                     isa = XCConfigurationList;
                     buildConfigurations = (
                            6A611D22AAB54A1CB6A9C881 /* Debug */,
                            C43EFCF324154674A57888CD /* Release */,
                            1131C15C86AD4D2AABF43C39 /* MinSizeRel */,
                            2EEEC982CF734D428A4B1298 /* RelWithDebInfo */,
                     );
                     defaultConfigurationIsVisible = 0;
                     defaultConfigurationName = Debug;
              };
              DAA622381DD64246B045A117 /* Build configuration list for PBXAggregateTarget "ZERO_CHECK" */ = {
                     isa = XCConfigurationList;
                     buildConfigurations = (
                            CA27C56228F74008901879B1 /* Debug */,
                            DD7C7A4A66C648B4A376F476 /* Release */,
                            C2D6158A58104CABA29043E1 /* MinSizeRel */,
                            02B59B1461304F898CB78858 /* RelWithDebInfo */,
                     );
                     defaultConfigurationIsVisible = 0;
                     defaultConfigurationName = Debug;
              };
              908CC656083A4008B0707615 /* Build configuration list for PBXNativeTarget "vehicle-state-estimator" */ = {
                     isa = XCConfigurationList;
                     buildConfigurations = (
                            FBDA72BFC04E4528B9E479DA /* Debug */,
                            065DAA59072D43FAB19DA345 /* Release */,
                            684692EE7AC9468CA187D8AD /* MinSizeRel */,
                            504E1428CCC44239A1A0F85E /* RelWithDebInfo */,
                     );
                     defaultConfigurationIsVisible = 0;
                     defaultConfigurationName = Debug;
              };
/* End XCConfigurationList section */
       };
       rootObject = F7F61615B3E14F989426495D;
}
